{
  "name": "gw2-stream",
  "version": "1.0.0",
  "lockfileVersion": 1,
  "requires": true,
  "dependencies": {
    "@emotion/hash": {
      "version": "0.7.2",
      "resolved": "https://registry.npmjs.org/@emotion/hash/-/hash-0.7.2.tgz",
      "integrity": "sha512-RMtr1i6E8MXaBWwhXL3yeOU8JXRnz8GNxHvaUfVvwxokvayUY0zoBeWbKw1S9XkufmGEEdQd228pSZXFkAln8Q=="
    },
    "array-unique": {
      "version": "0.3.2",
      "resolved": "https://registry.npmjs.org/array-unique/-/array-unique-0.3.2.tgz",
      "integrity": "sha1-qJS3XUvE9s1nnvMkSp/Y9Gri1Cg="
    },
    "chunk": {
      "version": "0.0.2",
      "resolved": "https://registry.npmjs.org/chunk/-/chunk-0.0.2.tgz",
      "integrity": "sha1-BKpPMWZK6FDeUAz41XtfTCnNUi4="
    },
    "debounce": {
      "version": "1.2.0",
      "resolved": "https://registry.npmjs.org/debounce/-/debounce-1.2.0.tgz",
      "integrity": "sha512-mYtLl1xfZLi1m4RtQYlZgJUNQjl4ZxVnHzIR8nLLgi4q1YT8o/WM+MK/f8yfcc9s5Ir5zRaPZyZU6xs1Syoocg=="
    },
    "fast-get": {
      "version": "1.0.5",
      "resolved": "https://registry.npmjs.org/fast-get/-/fast-get-1.0.5.tgz",
      "integrity": "sha512-h+iynCuKyg1Xi86mK85/PgpXHYPWasKuipHsygn6A+6Ck2SgwweCMMEl5y5ycqRXLDWHDtWRnuHbdx/FkXIjvg=="
    },
    "gw2api-client": {
      "version": "7.4.1",
      "resolved": "https://registry.npmjs.org/gw2api-client/-/gw2api-client-7.4.1.tgz",
      "integrity": "sha512-LZAjwq9gF5WCUUMaeQe3iNpgs3McGPXngz0GpaBm0MJTe/i5AGUA5LfOk6e/J68/uMaDcAeyqruKDfWDuzffmA==",
      "requires": {
        "@emotion/hash": "^0.7.0",
        "array-unique": "^0.3.2",
        "chunk": "^0.0.2",
        "debounce": "^1.2.0",
        "fast-get": "^1.0.3",
        "idb-keyval": "^3.1.0",
        "lets-fetch": "^2.1.3",
        "querystringify": "^2.0.0"
      }
    },
    "idb-keyval": {
      "version": "3.2.0",
      "resolved": "https://registry.npmjs.org/idb-keyval/-/idb-keyval-3.2.0.tgz",
      "integrity": "sha512-slx8Q6oywCCSfKgPgL0sEsXtPVnSbTLWpyiDcu6msHOyKOLari1TD1qocXVCft80umnkk3/Qqh3lwoFt8T/BPQ=="
    },
    "lets-fetch": {
      "version": "2.1.3",
      "resolved": "https://registry.npmjs.org/lets-fetch/-/lets-fetch-2.1.3.tgz",
      "integrity": "sha512-E1L2IUZg/NHFD3BOpY5dzQYS7xkiETXYXA935jqU8eihUY6a6NAPT0HPp0l10kwNr1PliV02Shxcn/Nn8XbhoA==",
      "requires": {
        "node-fetch": "^2.2.0"
      }
    },
    "node-fetch": {
      "version": "2.6.0",
      "resolved": "https://registry.npmjs.org/node-fetch/-/node-fetch-2.6.0.tgz",
      "integrity": "sha512-8dG4H5ujfvFiqDmVu9fQ5bOHUC15JMjMY/Zumv26oOvvVJjM67KF8koCWIabKQ1GJIa9r2mMZscBq/TbdOcmNA=="
    },
    "querystringify": {
      "version": "2.1.1",
      "resolved": "https://registry.npmjs.org/querystringify/-/querystringify-2.1.1.tgz",
      "integrity": "sha512-w7fLxIRCRT7U8Qu53jQnJyPkYZIaR4n5151KMfcJlO/A9397Wxb1amJvROTK6TOnp7PfoAmg/qXiNHI+08jRfA=="
    }
  }
}
